
Microsoft Visual Studio Solution File, Format Version 12.00
# Visual Studio 2012
Project("{8BC9CEB8-8B4A-11D0-8D11-00A0C91BC942}") = "detected_aoac", "detected_aoac\detected_aoac.vcxproj", "{CD253737-471B-4AE3-BCA2-A89AF3858B66}"
EndProject
Global
	GlobalSection(SolutionConfigurationPlatforms) = preSolution
		Debug|Win32 = Debug|Win32
		Release|Win32 = Release|Win32
	EndGlobalSection
	GlobalSection(ProjectConfigurationPlatforms) = postSolution
		{CD253737-471B-4AE3-BCA2-A89AF3858B66}.Debug|Win32.ActiveCfg = Debug|Win32
		{CD253737-471B-4AE3-BCA2-A89AF3858B66}.Debug|Win32.Build.0 = Debug|Win32
		{CD253737-471B-4AE3-BCA2-A89AF3858B66}.Release|Win32.ActiveCfg = Release|Win32
		{CD253737-471B-4AE3-BCA2-A89AF3858B66}.Release|Win32.Build.0 = Release|Win32
	EndGlobalSection
	GlobalSection(SolutionProperties) = preSolution
		HideSolutionNode = FALSE
	EndGlobalSection
EndGlobal
